
Microsoft Visual Studio Solution File, Format Version 12.00
# Visual Studio 15
VisualStudioVersion = 15.0.26730.10
MinimumVisualStudioVersion = 10.0.40219.1
Project("{2150E333-8FDC-42A3-9474-1A3956D46DE8}") = "src", "src", "{6B02EB8B-6267-4666-8328-1FC2793F042D}"
EndProject
Project("{2150E333-8FDC-42A3-9474-1A3956D46DE8}") = "test", "test", "{9B2933D6-701A-4B3B-B48E-F05A06F56AEA}"
EndProject
Project("{9A19103F-16F7-4668-BE54-9A1E7A4F7556}") = "NSecretStore.Host", "src\NSecretStore.Host\NSecretStore.Host.csproj", "{B3B4FF64-0104-44B6-9042-2C486E622878}"
EndProject
Project("{9A19103F-16F7-4668-BE54-9A1E7A4F7556}") = "NSecretStore", "src\NSecretStore\NSecretStore.csproj", "{97360504-8D0B-4008-AD95-61F7BC256ED5}"
EndProject
Project("{9A19103F-16F7-4668-BE54-9A1E7A4F7556}") = "NSecretStore.Abstractions", "src\NSecretStore.Abstractions\NSecretStore.Abstractions.csproj", "{7D72259F-9E39-4F7C-A0B0-B5EE3D7F222C}"
EndProject
Project("{9A19103F-16F7-4668-BE54-9A1E7A4F7556}") = "NSecretStore.InMemory", "NSecretStore.InMemory\NSecretStore.InMemory.csproj", "{DFD89BBE-DDD9-44D3-9C15-EB26DB4296AD}"
EndProject
Project("{FAE04EC0-301F-11D3-BF4B-00C04F79EFBC}") = "NSecretStore.InMemory.Tests", "NSecretStore.InMemory.Tests\NSecretStore.InMemory.Tests.csproj", "{3A895B63-91E0-4F77-AA87-31475EE7B951}"
EndProject
Global
	GlobalSection(SolutionConfigurationPlatforms) = preSolution
		Debug|Any CPU = Debug|Any CPU
		Release|Any CPU = Release|Any CPU
	EndGlobalSection
	GlobalSection(ProjectConfigurationPlatforms) = postSolution
		{B3B4FF64-0104-44B6-9042-2C486E622878}.Debug|Any CPU.ActiveCfg = Debug|Any CPU
		{B3B4FF64-0104-44B6-9042-2C486E622878}.Debug|Any CPU.Build.0 = Debug|Any CPU
		{B3B4FF64-0104-44B6-9042-2C486E622878}.Release|Any CPU.ActiveCfg = Release|Any CPU
		{B3B4FF64-0104-44B6-9042-2C486E622878}.Release|Any CPU.Build.0 = Release|Any CPU
		{97360504-8D0B-4008-AD95-61F7BC256ED5}.Debug|Any CPU.ActiveCfg = Debug|Any CPU
		{97360504-8D0B-4008-AD95-61F7BC256ED5}.Debug|Any CPU.Build.0 = Debug|Any CPU
		{97360504-8D0B-4008-AD95-61F7BC256ED5}.Release|Any CPU.ActiveCfg = Release|Any CPU
		{97360504-8D0B-4008-AD95-61F7BC256ED5}.Release|Any CPU.Build.0 = Release|Any CPU
		{7D72259F-9E39-4F7C-A0B0-B5EE3D7F222C}.Debug|Any CPU.ActiveCfg = Debug|Any CPU
		{7D72259F-9E39-4F7C-A0B0-B5EE3D7F222C}.Debug|Any CPU.Build.0 = Debug|Any CPU
		{7D72259F-9E39-4F7C-A0B0-B5EE3D7F222C}.Release|Any CPU.ActiveCfg = Release|Any CPU
		{7D72259F-9E39-4F7C-A0B0-B5EE3D7F222C}.Release|Any CPU.Build.0 = Release|Any CPU
		{DFD89BBE-DDD9-44D3-9C15-EB26DB4296AD}.Debug|Any CPU.ActiveCfg = Debug|Any CPU
		{DFD89BBE-DDD9-44D3-9C15-EB26DB4296AD}.Debug|Any CPU.Build.0 = Debug|Any CPU
		{DFD89BBE-DDD9-44D3-9C15-EB26DB4296AD}.Release|Any CPU.ActiveCfg = Release|Any CPU
		{DFD89BBE-DDD9-44D3-9C15-EB26DB4296AD}.Release|Any CPU.Build.0 = Release|Any CPU
		{3A895B63-91E0-4F77-AA87-31475EE7B951}.Debug|Any CPU.ActiveCfg = Debug|Any CPU
		{3A895B63-91E0-4F77-AA87-31475EE7B951}.Debug|Any CPU.Build.0 = Debug|Any CPU
		{3A895B63-91E0-4F77-AA87-31475EE7B951}.Release|Any CPU.ActiveCfg = Release|Any CPU
		{3A895B63-91E0-4F77-AA87-31475EE7B951}.Release|Any CPU.Build.0 = Release|Any CPU
	EndGlobalSection
	GlobalSection(SolutionProperties) = preSolution
		HideSolutionNode = FALSE
	EndGlobalSection
	GlobalSection(NestedProjects) = preSolution
		{B3B4FF64-0104-44B6-9042-2C486E622878} = {6B02EB8B-6267-4666-8328-1FC2793F042D}
		{97360504-8D0B-4008-AD95-61F7BC256ED5} = {6B02EB8B-6267-4666-8328-1FC2793F042D}
		{7D72259F-9E39-4F7C-A0B0-B5EE3D7F222C} = {6B02EB8B-6267-4666-8328-1FC2793F042D}
		{DFD89BBE-DDD9-44D3-9C15-EB26DB4296AD} = {6B02EB8B-6267-4666-8328-1FC2793F042D}
		{3A895B63-91E0-4F77-AA87-31475EE7B951} = {9B2933D6-701A-4B3B-B48E-F05A06F56AEA}
	EndGlobalSection
	GlobalSection(ExtensibilityGlobals) = postSolution
		SolutionGuid = {D3D153A9-2365-4E56-8894-F5EE76D634B0}
	EndGlobalSection
EndGlobal
